
Microsoft Visual Studio Solution File, Format Version 12.00
# Visual Studio 15
VisualStudioVersion = 15.0.33026.149
MinimumVisualStudioVersion = 10.0.40219.1
Project("{8BC9CEB8-8B4A-11D0-8D11-00A0C91BC942}") = "translate", "translate.vcxproj", "{FBC270AA-EC93-3116-A6AE-10D728C7D1DE}"
EndProject
Global
	GlobalSection(SolutionConfigurationPlatforms) = preSolution
		Debug|x64 = Debug|x64
		Release|x64 = Release|x64
	EndGlobalSection
	GlobalSection(ProjectConfigurationPlatforms) = postSolution
		{FBC270AA-EC93-3116-A6AE-10D728C7D1DE}.Debug|x64.ActiveCfg = Debug|x64
		{FBC270AA-EC93-3116-A6AE-10D728C7D1DE}.Debug|x64.Build.0 = Debug|x64
		{FBC270AA-EC93-3116-A6AE-10D728C7D1DE}.Release|x64.ActiveCfg = Release|x64
		{FBC270AA-EC93-3116-A6AE-10D728C7D1DE}.Release|x64.Build.0 = Release|x64
	EndGlobalSection
	GlobalSection(SolutionProperties) = preSolution
		HideSolutionNode = FALSE
	EndGlobalSection
	GlobalSection(ExtensibilityGlobals) = postSolution
		SolutionGuid = {B5948410-86EC-428B-85FD-AAD8FF663592}
	EndGlobalSection
EndGlobal
